
Microsoft Visual Studio Solution File, Format Version 12.00
# Visual Studio Version 17
VisualStudioVersion = 17.14.36511.14 d17.14
MinimumVisualStudioVersion = 10.0.40219.1
Project("{FAE04EC0-301F-11D3-BF4B-00C04F79EFBC}") = "AntFarm", "AntFarm\AntFarm.csproj", "{F284838A-8CF0-4592-ADD4-0284F2FEE50F}"
EndProject
Global
	GlobalSection(SolutionConfigurationPlatforms) = preSolution
		Debug|Any CPU = Debug|Any CPU
		Release|Any CPU = Release|Any CPU
	EndGlobalSection
	GlobalSection(ProjectConfigurationPlatforms) = postSolution
		{F284838A-8CF0-4592-ADD4-0284F2FEE50F}.Debug|Any CPU.ActiveCfg = Debug|Any CPU
		{F284838A-8CF0-4592-ADD4-0284F2FEE50F}.Debug|Any CPU.Build.0 = Debug|Any CPU
		{F284838A-8CF0-4592-ADD4-0284F2FEE50F}.Release|Any CPU.ActiveCfg = Release|Any CPU
		{F284838A-8CF0-4592-ADD4-0284F2FEE50F}.Release|Any CPU.Build.0 = Release|Any CPU
	EndGlobalSection
	GlobalSection(SolutionProperties) = preSolution
		HideSolutionNode = FALSE
	EndGlobalSection
	GlobalSection(ExtensibilityGlobals) = postSolution
		SolutionGuid = {E22F41F0-E609-46BE-B217-019403A893ED}
	EndGlobalSection
EndGlobal
